
Microsoft Visual Studio Solution File, Format Version 11.00
# Visual Studio 2010
Project("{FAE04EC0-301F-11D3-BF4B-00C04F79EFBC}") = "Assembly-CSharp", "Assembly-CSharp.csproj", "{72782375-d38e-0071-c1b0-47980fa26200}"
EndProject
Project("{FAE04EC0-301F-11D3-BF4B-00C04F79EFBC}") = "Assembly-CSharp-Editor", "Assembly-CSharp-Editor.csproj", "{39847c9a-266a-cf7d-460e-b9809d96e663}"
EndProject
Global
	GlobalSection(SolutionConfigurationPlatforms) = preSolution
		Debug|Any CPU = Debug|Any CPU
	EndGlobalSection
	GlobalSection(ProjectConfigurationPlatforms) = postSolution
		{72782375-d38e-0071-c1b0-47980fa26200}.Debug|Any CPU.ActiveCfg = Debug|Any CPU
		{72782375-d38e-0071-c1b0-47980fa26200}.Debug|Any CPU.Build.0 = Debug|Any CPU
		{39847c9a-266a-cf7d-460e-b9809d96e663}.Debug|Any CPU.ActiveCfg = Debug|Any CPU
		{39847c9a-266a-cf7d-460e-b9809d96e663}.Debug|Any CPU.Build.0 = Debug|Any CPU
	EndGlobalSection
	GlobalSection(SolutionProperties) = preSolution
		HideSolutionNode = FALSE
	EndGlobalSection
EndGlobal
